// !$*UTF8*$!
{
	archiveVersion = 1;
	classes = {
	};
	objectVersion = 46;
	objects = {

/* Begin PBXBuildFile section */
		4984676600F1967F226CDD0A /* Pods_SocialNetwrokApp.framework in Frameworks */ = {isa = PBXBuildFile; fileRef = B3BA16C95D004247A6253048 /* Pods_SocialNetwrokApp.framework */; };
		AC599B9F1FE18608001B8526 /* CustomView.swift in Sources */ = {isa = PBXBuildFile; fileRef = AC599B9E1FE18608001B8526 /* CustomView.swift */; };
		AC599BA21FE18972001B8526 /* Constants.swift in Sources */ = {isa = PBXBuildFile; fileRef = AC599BA11FE18972001B8526 /* Constants.swift */; };
		AC599BA41FE191A3001B8526 /* RoundButton.swift in Sources */ = {isa = PBXBuildFile; fileRef = AC599BA31FE191A3001B8526 /* RoundButton.swift */; };
		AC599BA61FE1968D001B8526 /* CustomTextField.swift in Sources */ = {isa = PBXBuildFile; fileRef = AC599BA51FE1968D001B8526 /* CustomTextField.swift */; };
		AC599BA81FE19915001B8526 /* CustomButton.swift in Sources */ = {isa = PBXBuildFile; fileRef = AC599BA71FE19915001B8526 /* CustomButton.swift */; };
		AC635C031FE44EB30059B389 /* FeedVC.swift in Sources */ = {isa = PBXBuildFile; fileRef = AC635C021FE44EB30059B389 /* FeedVC.swift */; };
		AC7580C61FE828CE0076B1A4 /* CircleView.swift in Sources */ = {isa = PBXBuildFile; fileRef = AC7580C51FE828CE0076B1A4 /* CircleView.swift */; };
		AC7580C81FE846120076B1A4 /* PostCell.swift in Sources */ = {isa = PBXBuildFile; fileRef = AC7580C71FE846120076B1A4 /* PostCell.swift */; };
		ACBCF4CD1FE03BFF00818EEA /* AppDelegate.swift in Sources */ = {isa = PBXBuildFile; fileRef = ACBCF4CC1FE03BFF00818EEA /* AppDelegate.swift */; };
		ACBCF4CF1FE03BFF00818EEA /* SingInVC.swift in Sources */ = {isa = PBXBuildFile; fileRef = ACBCF4CE1FE03BFF00818EEA /* SingInVC.swift */; };
		ACBCF4D21FE03C0000818EEA /* Main.storyboard in Resources */ = {isa = PBXBuildFile; fileRef = ACBCF4D01FE03C0000818EEA /* Main.storyboard */; };
		ACBCF4D41FE03C0000818EEA /* Assets.xcassets in Resources */ = {isa = PBXBuildFile; fileRef = ACBCF4D31FE03C0000818EEA /* Assets.xcassets */; };
		ACBCF4D71FE03C0000818EEA /* LaunchScreen.storyboard in Resources */ = {isa = PBXBuildFile; fileRef = ACBCF4D51FE03C0000818EEA /* LaunchScreen.storyboard */; };
		ACF6571A1FE03CC40044D70C /* GoogleService-Info.plist in Resources */ = {isa = PBXBuildFile; fileRef = ACF657191FE03CC40044D70C /* GoogleService-Info.plist */; };
/* End PBXBuildFile section */

/* Begin PBXFileReference section */
		AC599B9E1FE18608001B8526 /* CustomView.swift */ = {isa = PBXFileReference; fileEncoding = 4; lastKnownFileType = sourcecode.swift; path = CustomView.swift; sourceTree = "<group>"; };
		AC599BA11FE18972001B8526 /* Constants.swift */ = {isa = PBXFileReference; fileEncoding = 4; lastKnownFileType = sourcecode.swift; path = Constants.swift; sourceTree = "<group>"; };
		AC599BA31FE191A3001B8526 /* RoundButton.swift */ = {isa = PBXFileReference; fileEncoding = 4; lastKnownFileType = sourcecode.swift; path = RoundButton.swift; sourceTree = "<group>"; };
		AC599BA51FE1968D001B8526 /* CustomTextField.swift */ = {isa = PBXFileReference; fileEncoding = 4; lastKnownFileType = sourcecode.swift; path = CustomTextField.swift; sourceTree = "<group>"; };
		AC599BA71FE19915001B8526 /* CustomButton.swift */ = {isa = PBXFileReference; fileEncoding = 4; lastKnownFileType = sourcecode.swift; path = CustomButton.swift; sourceTree = "<group>"; };
		AC635C021FE44EB30059B389 /* FeedVC.swift */ = {isa = PBXFileReference; fileEncoding = 4; lastKnownFileType = sourcecode.swift; path = FeedVC.swift; sourceTree = "<group>"; };
		AC7580C51FE828CE0076B1A4 /* CircleView.swift */ = {isa = PBXFileReference; fileEncoding = 4; lastKnownFileType = sourcecode.swift; path = CircleView.swift; sourceTree = "<group>"; };
		AC7580C71FE846120076B1A4 /* PostCell.swift */ = {isa = PBXFileReference; fileEncoding = 4; lastKnownFileType = sourcecode.swift; path = PostCell.swift; sourceTree = "<group>"; };
		AC7B24EE1FE2E505005E2FC2 /* SocialNetworkApp-Bridging-Header.h */ = {isa = PBXFileReference; fileEncoding = 4; lastKnownFileType = sourcecode.c.h; path = "SocialNetworkApp-Bridging-Header.h"; sourceTree = "<group>"; };
		AC7B24EF1FE302FC005E2FC2 /* SocialNetwrokApp.entitlements */ = {isa = PBXFileReference; lastKnownFileType = text.plist.entitlements; path = SocialNetwrokApp.entitlements; sourceTree = "<group>"; };
		ACBCF4C91FE03BFF00818EEA /* SocialNetwrokApp.app */ = {isa = PBXFileReference; explicitFileType = wrapper.application; includeInIndex = 0; path = SocialNetwrokApp.app; sourceTree = BUILT_PRODUCTS_DIR; };
		ACBCF4CC1FE03BFF00818EEA /* AppDelegate.swift */ = {isa = PBXFileReference; lastKnownFileType = sourcecode.swift; path = AppDelegate.swift; sourceTree = "<group>"; };
		ACBCF4CE1FE03BFF00818EEA /* SingInVC.swift */ = {isa = PBXFileReference; lastKnownFileType = sourcecode.swift; path = SingInVC.swift; sourceTree = "<group>"; };
		ACBCF4D11FE03C0000818EEA /* Base */ = {isa = PBXFileReference; lastKnownFileType = file.storyboard; name = Base; path = Base.lproj/Main.storyboard; sourceTree = "<group>"; };
		ACBCF4D31FE03C0000818EEA /* Assets.xcassets */ = {isa = PBXFileReference; lastKnownFileType = folder.assetcatalog; path = Assets.xcassets; sourceTree = "<group>"; };
		ACBCF4D61FE03C0000818EEA /* Base */ = {isa = PBXFileReference; lastKnownFileType = file.storyboard; name = Base; path = Base.lproj/LaunchScreen.storyboard; sourceTree = "<group>"; };
		ACBCF4D81FE03C0000818EEA /* Info.plist */ = {isa = PBXFileReference; lastKnownFileType = text.plist.xml; path = Info.plist; sourceTree = "<group>"; };
		ACF657191FE03CC40044D70C /* GoogleService-Info.plist */ = {isa = PBXFileReference; fileEncoding = 4; lastKnownFileType = text.plist.xml; path = "GoogleService-Info.plist"; sourceTree = "<group>"; };
		AE551828ED7698D1B503DBEA /* Pods-SocialNetwrokApp.debug.xcconfig */ = {isa = PBXFileReference; includeInIndex = 1; lastKnownFileType = text.xcconfig; name = "Pods-SocialNetwrokApp.debug.xcconfig"; path = "Pods/Target Support Files/Pods-SocialNetwrokApp/Pods-SocialNetwrokApp.debug.xcconfig"; sourceTree = "<group>"; };
		B3BA16C95D004247A6253048 /* Pods_SocialNetwrokApp.framework */ = {isa = PBXFileReference; explicitFileType = wrapper.framework; includeInIndex = 0; path = Pods_SocialNetwrokApp.framework; sourceTree = BUILT_PRODUCTS_DIR; };
		FFC8E84D77DEA38708810017 /* Pods-SocialNetwrokApp.release.xcconfig */ = {isa = PBXFileReference; includeInIndex = 1; lastKnownFileType = text.xcconfig; name = "Pods-SocialNetwrokApp.release.xcconfig"; path = "Pods/Target Support Files/Pods-SocialNetwrokApp/Pods-SocialNetwrokApp.release.xcconfig"; sourceTree = "<group>"; };
/* End PBXFileReference section */

/* Begin PBXFrameworksBuildPhase section */
		ACBCF4C61FE03BFE00818EEA /* Frameworks */ = {
			isa = PBXFrameworksBuildPhase;
			buildActionMask = 2147483647;
			files = (
				4984676600F1967F226CDD0A /* Pods_SocialNetwrokApp.framework in Frameworks */,
			);
			runOnlyForDeploymentPostprocessing = 0;
		};
/* End PBXFrameworksBuildPhase section */

/* Begin PBXGroup section */
		AC599BA01FE18958001B8526 /* Util */ = {
			isa = PBXGroup;
			children = (
				AC599BA11FE18972001B8526 /* Constants.swift */,
			);
			name = Util;
			sourceTree = "<group>";
		};
		ACBCF4C01FE03BFE00818EEA = {
			isa = PBXGroup;
			children = (
				AC7B24EE1FE2E505005E2FC2 /* SocialNetworkApp-Bridging-Header.h */,
				ACBCF4CB1FE03BFF00818EEA /* SocialNetwrokApp */,
				ACBCF4CA1FE03BFF00818EEA /* Products */,
				F469B44E908ADEB83DB60052 /* Pods */,
				C5EF32F9CE825E8A1B385CF1 /* Frameworks */,
			);
			sourceTree = "<group>";
		};
		ACBCF4CA1FE03BFF00818EEA /* Products */ = {
			isa = PBXGroup;
			children = (
				ACBCF4C91FE03BFF00818EEA /* SocialNetwrokApp.app */,
			);
			name = Products;
			sourceTree = "<group>";
		};
		ACBCF4CB1FE03BFF00818EEA /* SocialNetwrokApp */ = {
			isa = PBXGroup;
			children = (
				ACF6571D1FE042930044D70C /* Model */,
				ACF6571C1FE0428B0044D70C /* View */,
				ACF6571B1FE042830044D70C /* Controller */,
				AC599BA01FE18958001B8526 /* Util */,
				ACBCF4CC1FE03BFF00818EEA /* AppDelegate.swift */,
				ACBCF4D01FE03C0000818EEA /* Main.storyboard */,
				ACBCF4D31FE03C0000818EEA /* Assets.xcassets */,
				ACBCF4D51FE03C0000818EEA /* LaunchScreen.storyboard */,
				ACBCF4D81FE03C0000818EEA /* Info.plist */,
				ACF657191FE03CC40044D70C /* GoogleService-Info.plist */,
				AC7B24EF1FE302FC005E2FC2 /* SocialNetwrokApp.entitlements */,
			);
			path = SocialNetwrokApp;
			sourceTree = "<group>";
		};
		ACF6571B1FE042830044D70C /* Controller */ = {
			isa = PBXGroup;
			children = (
				ACBCF4CE1FE03BFF00818EEA /* SingInVC.swift */,
				AC635C021FE44EB30059B389 /* FeedVC.swift */,
			);
			name = Controller;
			sourceTree = "<group>";
		};
		ACF6571C1FE0428B0044D70C /* View */ = {
			isa = PBXGroup;
			children = (
				AC7580C51FE828CE0076B1A4 /* CircleView.swift */,
				AC599B9E1FE18608001B8526 /* CustomView.swift */,
				AC599BA51FE1968D001B8526 /* CustomTextField.swift */,
				AC599BA71FE19915001B8526 /* CustomButton.swift */,
				AC599BA31FE191A3001B8526 /* RoundButton.swift */,
				AC7580C71FE846120076B1A4 /* PostCell.swift */,
			);
			name = View;
			sourceTree = "<group>";
		};
		ACF6571D1FE042930044D70C /* Model */ = {
			isa = PBXGroup;
			children = (
			);
			name = Model;
			sourceTree = "<group>";
		};
		C5EF32F9CE825E8A1B385CF1 /* Frameworks */ = {
			isa = PBXGroup;
			children = (
				B3BA16C95D004247A6253048 /* Pods_SocialNetwrokApp.framework */,
			);
			name = Frameworks;
			sourceTree = "<group>";
		};
		F469B44E908ADEB83DB60052 /* Pods */ = {
			isa = PBXGroup;
			children = (
				AE551828ED7698D1B503DBEA /* Pods-SocialNetwrokApp.debug.xcconfig */,
				FFC8E84D77DEA38708810017 /* Pods-SocialNetwrokApp.release.xcconfig */,
			);
			name = Pods;
			sourceTree = "<group>";
		};
/* End PBXGroup section */

/* Begin PBXNativeTarget section */
		ACBCF4C81FE03BFE00818EEA /* SocialNetwrokApp */ = {
			isa = PBXNativeTarget;
			buildConfigurationList = ACBCF4DB1FE03C0000818EEA /* Build configuration list for PBXNativeTarget "SocialNetwrokApp" */;
			buildPhases = (
				445AC0134A246C0133747636 /* [CP] Check Pods Manifest.lock */,
				ACBCF4C51FE03BFE00818EEA /* Sources */,
				ACBCF4C61FE03BFE00818EEA /* Frameworks */,
				ACBCF4C71FE03BFE00818EEA /* Resources */,
				49AB2DA4A457476BEE9A23A2 /* [CP] Embed Pods Frameworks */,
				83F87D0DD01A3663FF1EB739 /* [CP] Copy Pods Resources */,
			);
			buildRules = (
			);
			dependencies = (
			);
			name = SocialNetwrokApp;
			productName = SocialNetwrokApp;
			productReference = ACBCF4C91FE03BFF00818EEA /* SocialNetwrokApp.app */;
			productType = "com.apple.product-type.application";
		};
/* End PBXNativeTarget section */

/* Begin PBXProject section */
		ACBCF4C11FE03BFE00818EEA /* Project object */ = {
			isa = PBXProject;
			attributes = {
				LastSwiftUpdateCheck = 0820;
				LastUpgradeCheck = 0820;
				ORGANIZATIONNAME = Fareen;
				TargetAttributes = {
					ACBCF4C81FE03BFE00818EEA = {
						CreatedOnToolsVersion = 8.2.1;
						DevelopmentTeam = 3T65P76DUE;
						ProvisioningStyle = Automatic;
						SystemCapabilities = {
							com.apple.Keychain = {
								enabled = 0;
							};
						};
					};
				};
			};
			buildConfigurationList = ACBCF4C41FE03BFE00818EEA /* Build configuration list for PBXProject "SocialNetwrokApp" */;
			compatibilityVersion = "Xcode 3.2";
			developmentRegion = English;
			hasScannedForEncodings = 0;
			knownRegions = (
				en,
				Base,
			);
			mainGroup = ACBCF4C01FE03BFE00818EEA;
			productRefGroup = ACBCF4CA1FE03BFF00818EEA /* Products */;
			projectDirPath = "";
			projectRoot = "";
			targets = (
				ACBCF4C81FE03BFE00818EEA /* SocialNetwrokApp */,
			);
		};
/* End PBXProject section */

/* Begin PBXResourcesBuildPhase section */
		ACBCF4C71FE03BFE00818EEA /* Resources */ = {
			isa = PBXResourcesBuildPhase;
			buildActionMask = 2147483647;
			files = (
				ACBCF4D71FE03C0000818EEA /* LaunchScreen.storyboard in Resources */,
				ACF6571A1FE03CC40044D70C /* GoogleService-Info.plist in Resources */,
				ACBCF4D41FE03C0000818EEA /* Assets.xcassets in Resources */,
				ACBCF4D21FE03C0000818EEA /* Main.storyboard in Resources */,
			);
			runOnlyForDeploymentPostprocessing = 0;
		};
/* End PBXResourcesBuildPhase section */

/* Begin PBXShellScriptBuildPhase section */
		445AC0134A246C0133747636 /* [CP] Check Pods Manifest.lock */ = {
			isa = PBXShellScriptBuildPhase;
			buildActionMask = 2147483647;
			files = (
			);
			inputPaths = (
				"${PODS_PODFILE_DIR_PATH}/Podfile.lock",
				"${PODS_ROOT}/Manifest.lock",
			);
			name = "[CP] Check Pods Manifest.lock";
			outputPaths = (
				"$(DERIVED_FILE_DIR)/Pods-SocialNetwrokApp-checkManifestLockResult.txt",
			);
			runOnlyForDeploymentPostprocessing = 0;
			shellPath = /bin/sh;
			shellScript = "diff \"${PODS_PODFILE_DIR_PATH}/Podfile.lock\" \"${PODS_ROOT}/Manifest.lock\" > /dev/null\nif [ $? != 0 ] ; then\n    # print error to STDERR\n    echo \"error: The sandbox is not in sync with the Podfile.lock. Run 'pod install' or update your CocoaPods installation.\" >&2\n    exit 1\nfi\n# This output is used by Xcode 'outputs' to avoid re-running this script phase.\necho \"SUCCESS\" > \"${SCRIPT_OUTPUT_FILE_0}\"\n";
			showEnvVarsInLog = 0;
		};
		49AB2DA4A457476BEE9A23A2 /* [CP] Embed Pods Frameworks */ = {
			isa = PBXShellScriptBuildPhase;
			buildActionMask = 2147483647;
			files = (
			);
			inputPaths = (
				"${SRCROOT}/Pods/Target Support Files/Pods-SocialNetwrokApp/Pods-SocialNetwrokApp-frameworks.sh",
				"${BUILT_PRODUCTS_DIR}/Bolts/Bolts.framework",
				"${BUILT_PRODUCTS_DIR}/FBSDKCoreKit/FBSDKCoreKit.framework",
				"${BUILT_PRODUCTS_DIR}/FBSDKLoginKit/FBSDKLoginKit.framework",
				"${BUILT_PRODUCTS_DIR}/GTMSessionFetcher/GTMSessionFetcher.framework",
				"${BUILT_PRODUCTS_DIR}/GoogleToolboxForMac/GoogleToolboxForMac.framework",
				"${BUILT_PRODUCTS_DIR}/SwiftKeychainWrapper/SwiftKeychainWrapper.framework",
				"${BUILT_PRODUCTS_DIR}/leveldb-library/leveldb.framework",
				"${BUILT_PRODUCTS_DIR}/nanopb/nanopb.framework",
			);
			name = "[CP] Embed Pods Frameworks";
			outputPaths = (
				"${TARGET_BUILD_DIR}/${FRAMEWORKS_FOLDER_PATH}/Bolts.framework",
				"${TARGET_BUILD_DIR}/${FRAMEWORKS_FOLDER_PATH}/FBSDKCoreKit.framework",
				"${TARGET_BUILD_DIR}/${FRAMEWORKS_FOLDER_PATH}/FBSDKLoginKit.framework",
				"${TARGET_BUILD_DIR}/${FRAMEWORKS_FOLDER_PATH}/GTMSessionFetcher.framework",
				"${TARGET_BUILD_DIR}/${FRAMEWORKS_FOLDER_PATH}/GoogleToolboxForMac.framework",
				"${TARGET_BUILD_DIR}/${FRAMEWORKS_FOLDER_PATH}/SwiftKeychainWrapper.framework",
				"${TARGET_BUILD_DIR}/${FRAMEWORKS_FOLDER_PATH}/leveldb.framework",
				"${TARGET_BUILD_DIR}/${FRAMEWORKS_FOLDER_PATH}/nanopb.framework",
			);
			runOnlyForDeploymentPostprocessing = 0;
			shellPath = /bin/sh;
			shellScript = "\"${SRCROOT}/Pods/Target Support Files/Pods-SocialNetwrokApp/Pods-SocialNetwrokApp-frameworks.sh\"\n";
			showEnvVarsInLog = 0;
		};
		83F87D0DD01A3663FF1EB739 /* [CP] Copy Pods Resources */ = {
			isa = PBXShellScriptBuildPhase;
			buildActionMask = 2147483647;
			files = (
			);
			inputPaths = (
			);
			name = "[CP] Copy Pods Resources";
			outputPaths = (
			);
			runOnlyForDeploymentPostprocessing = 0;
			shellPath = /bin/sh;
			shellScript = "\"${SRCROOT}/Pods/Target Support Files/Pods-SocialNetwrokApp/Pods-SocialNetwrokApp-resources.sh\"\n";
			showEnvVarsInLog = 0;
		};
/* End PBXShellScriptBuildPhase section */

/* Begin PBXSourcesBuildPhase section */
		ACBCF4C51FE03BFE00818EEA /* Sources */ = {
			isa = PBXSourcesBuildPhase;
			buildActionMask = 2147483647;
			files = (
				AC7580C61FE828CE0076B1A4 /* CircleView.swift in Sources */,
				AC599B9F1FE18608001B8526 /* CustomView.swift in Sources */,
				AC599BA41FE191A3001B8526 /* RoundButton.swift in Sources */,
				AC599BA61FE1968D001B8526 /* CustomTextField.swift in Sources */,
				ACBCF4CF1FE03BFF00818EEA /* SingInVC.swift in Sources */,
				AC635C031FE44EB30059B389 /* FeedVC.swift in Sources */,
				AC599BA81FE19915001B8526 /* CustomButton.swift in Sources */,
				ACBCF4CD1FE03BFF00818EEA /* AppDelegate.swift in Sources */,
				AC599BA21FE18972001B8526 /* Constants.swift in Sources */,
				AC7580C81FE846120076B1A4 /* PostCell.swift in Sources */,
			);
			runOnlyForDeploymentPostprocessing = 0;
		};
/* End PBXSourcesBuildPhase section */

/* Begin PBXVariantGroup section */
		ACBCF4D01FE03C0000818EEA /* Main.storyboard */ = {
			isa = PBXVariantGroup;
			children = (
				ACBCF4D11FE03C0000818EEA /* Base */,
			);
			name = Main.storyboard;
			sourceTree = "<group>";
		};
		ACBCF4D51FE03C0000818EEA /* LaunchScreen.storyboard */ = {
			isa = PBXVariantGroup;
			children = (
				ACBCF4D61FE03C0000818EEA /* Base */,
			);
			name = LaunchScreen.storyboard;
			sourceTree = "<group>";
		};
/* End PBXVariantGroup section */

/* Begin XCBuildConfiguration section */
		ACBCF4D91FE03C0000818EEA /* Debug */ = {
			isa = XCBuildConfiguration;
			buildSettings = {
				ALWAYS_SEARCH_USER_PATHS = NO;
				CLANG_ANALYZER_NONNULL = YES;
				CLANG_CXX_LANGUAGE_STANDARD = "gnu++0x";
				CLANG_CXX_LIBRARY = "libc++";
				CLANG_ENABLE_MODULES = YES;
				CLANG_ENABLE_OBJC_ARC = YES;
				CLANG_WARN_BOOL_CONVERSION = YES;
				CLANG_WARN_CONSTANT_CONVERSION = YES;
				CLANG_WARN_DIRECT_OBJC_ISA_USAGE = YES_ERROR;
				CLANG_WARN_DOCUMENTATION_COMMENTS = YES;
				CLANG_WARN_EMPTY_BODY = YES;
				CLANG_WARN_ENUM_CONVERSION = YES;
				CLANG_WARN_INFINITE_RECURSION = YES;
				CLANG_WARN_INT_CONVERSION = YES;
				CLANG_WARN_OBJC_ROOT_CLASS = YES_ERROR;
				CLANG_WARN_SUSPICIOUS_MOVE = YES;
				CLANG_WARN_UNREACHABLE_CODE = YES;
				CLANG_WARN__DUPLICATE_METHOD_MATCH = YES;
				"CODE_SIGN_IDENTITY[sdk=iphoneos*]" = "iPhone Developer";
				COPY_PHASE_STRIP = NO;
				DEBUG_INFORMATION_FORMAT = dwarf;
				ENABLE_STRICT_OBJC_MSGSEND = YES;
				ENABLE_TESTABILITY = YES;
				GCC_C_LANGUAGE_STANDARD = gnu99;
				GCC_DYNAMIC_NO_PIC = NO;
				GCC_NO_COMMON_BLOCKS = YES;
				GCC_OPTIMIZATION_LEVEL = 0;
				GCC_PREPROCESSOR_DEFINITIONS = (
					"DEBUG=1",
					"$(inherited)",
				);
				GCC_WARN_64_TO_32_BIT_CONVERSION = YES;
				GCC_WARN_ABOUT_RETURN_TYPE = YES_ERROR;
				GCC_WARN_UNDECLARED_SELECTOR = YES;
				GCC_WARN_UNINITIALIZED_AUTOS = YES_AGGRESSIVE;
				GCC_WARN_UNUSED_FUNCTION = YES;
				GCC_WARN_UNUSED_VARIABLE = YES;
				IPHONEOS_DEPLOYMENT_TARGET = 10.2;
				MTL_ENABLE_DEBUG_INFO = YES;
				ONLY_ACTIVE_ARCH = YES;
				SDKROOT = iphoneos;
				SWIFT_ACTIVE_COMPILATION_CONDITIONS = DEBUG;
				SWIFT_OPTIMIZATION_LEVEL = "-Onone";
				TARGETED_DEVICE_FAMILY = "1,2";
			};
			name = Debug;
		};
		ACBCF4DA1FE03C0000818EEA /* Release */ = {
			isa = XCBuildConfiguration;
			buildSettings = {
				ALWAYS_SEARCH_USER_PATHS = NO;
				CLANG_ANALYZER_NONNULL = YES;
				CLANG_CXX_LANGUAGE_STANDARD = "gnu++0x";
				CLANG_CXX_LIBRARY = "libc++";
				CLANG_ENABLE_MODULES = YES;
				CLANG_ENABLE_OBJC_ARC = YES;
				CLANG_WARN_BOOL_CONVERSION = YES;
				CLANG_WARN_CONSTANT_CONVERSION = YES;
				CLANG_WARN_DIRECT_OBJC_ISA_USAGE = YES_ERROR;
				CLANG_WARN_DOCUMENTATION_COMMENTS = YES;
				CLANG_WARN_EMPTY_BODY = YES;
				CLANG_WARN_ENUM_CONVERSION = YES;
				CLANG_WARN_INFINITE_RECURSION = YES;
				CLANG_WARN_INT_CONVERSION = YES;
				CLANG_WARN_OBJC_ROOT_CLASS = YES_ERROR;
				CLANG_WARN_SUSPICIOUS_MOVE = YES;
				CLANG_WARN_UNREACHABLE_CODE = YES;
				CLANG_WARN__DUPLICATE_METHOD_MATCH = YES;
				"CODE_SIGN_IDENTITY[sdk=iphoneos*]" = "iPhone Developer";
				COPY_PHASE_STRIP = NO;
				DEBUG_INFORMATION_FORMAT = "dwarf-with-dsym";
				ENABLE_NS_ASSERTIONS = NO;
				ENABLE_STRICT_OBJC_MSGSEND = YES;
				GCC_C_LANGUAGE_STANDARD = gnu99;
				GCC_NO_COMMON_BLOCKS = YES;
				GCC_WARN_64_TO_32_BIT_CONVERSION = YES;
				GCC_WARN_ABOUT_RETURN_TYPE = YES_ERROR;
				GCC_WARN_UNDECLARED_SELECTOR = YES;
				GCC_WARN_UNINITIALIZED_AUTOS = YES_AGGRESSIVE;
				GCC_WARN_UNUSED_FUNCTION = YES;
				GCC_WARN_UNUSED_VARIABLE = YES;
				IPHONEOS_DEPLOYMENT_TARGET = 10.2;
				MTL_ENABLE_DEBUG_INFO = NO;
				SDKROOT = iphoneos;
				SWIFT_OPTIMIZATION_LEVEL = "-Owholemodule";
				TARGETED_DEVICE_FAMILY = "1,2";
				VALIDATE_PRODUCT = YES;
			};
			name = Release;
		};
		ACBCF4DC1FE03C0000818EEA /* Debug */ = {
			isa = XCBuildConfiguration;
			baseConfigurationReference = AE551828ED7698D1B503DBEA /* Pods-SocialNetwrokApp.debug.xcconfig */;
			buildSettings = {
				ASSETCATALOG_COMPILER_APPICON_NAME = AppIcon;
				DEVELOPMENT_TEAM = 3T65P76DUE;
				INFOPLIST_FILE = SocialNetwrokApp/Info.plist;
				LD_RUNPATH_SEARCH_PATHS = "$(inherited) @executable_path/Frameworks";
				PRODUCT_BUNDLE_IDENTIFIER = tutorial.SocialNetwrokApp;
				PRODUCT_NAME = "$(TARGET_NAME)";
				SWIFT_OBJC_BRIDGING_HEADER = "SocialNetworkApp-Bridging-Header.h";
				SWIFT_VERSION = 3.0;
			};
			name = Debug;
		};
		ACBCF4DD1FE03C0000818EEA /* Release */ = {
			isa = XCBuildConfiguration;
			baseConfigurationReference = FFC8E84D77DEA38708810017 /* Pods-SocialNetwrokApp.release.xcconfig */;
			buildSettings = {
				ASSETCATALOG_COMPILER_APPICON_NAME = AppIcon;
				DEVELOPMENT_TEAM = 3T65P76DUE;
				INFOPLIST_FILE = SocialNetwrokApp/Info.plist;
				LD_RUNPATH_SEARCH_PATHS = "$(inherited) @executable_path/Frameworks";
				PRODUCT_BUNDLE_IDENTIFIER = tutorial.SocialNetwrokApp;
				PRODUCT_NAME = "$(TARGET_NAME)";
				SWIFT_OBJC_BRIDGING_HEADER = "SocialNetworkApp-Bridging-Header.h";
				SWIFT_VERSION = 3.0;
			};
			name = Release;
		};
/* End XCBuildConfiguration section */

/* Begin XCConfigurationList section */
		ACBCF4C41FE03BFE00818EEA /* Build configuration list for PBXProject "SocialNetwrokApp" */ = {
			isa = XCConfigurationList;
			buildConfigurations = (
				ACBCF4D91FE03C0000818EEA /* Debug */,
				ACBCF4DA1FE03C0000818EEA /* Release */,
			);
			defaultConfigurationIsVisible = 0;
			defaultConfigurationName = Release;
		};
		ACBCF4DB1FE03C0000818EEA /* Build configuration list for PBXNativeTarget "SocialNetwrokApp" */ = {
			isa = XCConfigurationList;
			buildConfigurations = (
				ACBCF4DC1FE03C0000818EEA /* Debug */,
				ACBCF4DD1FE03C0000818EEA /* Release */,
			);
			defaultConfigurationIsVisible = 0;
			defaultConfigurationName = Release;
		};
/* End XCConfigurationList section */
	};
	rootObject = ACBCF4C11FE03BFE00818EEA /* Project object */;
}
